// !$*UTF8*$!
{
	archiveVersion = 1;
	classes = {
	};
	objectVersion = 56;
	objects = {

/* Begin PBXBuildFile section */
		C88A508D365DE2E78A65B852 /* App.swift in Sources */ = {isa = PBXBuildFile; fileRef = 9E753D93BF814E5D74642417 /* App.swift */; };
		9B5B23DA8A7E6B34D2A8441D /* Configuration.swift in Sources */ = {isa = PBXBuildFile; fileRef = CCF88DA204DFE2AF8D0443D5 /* Configuration.swift */; };
		8EDE84F53DFE8B5430BE20E3 /* LicenseModel.swift in Sources */ = {isa = PBXBuildFile; fileRef = 8407AEDC65BC0C63EEF4CAD8 /* LicenseModel.swift */; };
		6474D7918BF9EAD42D1FE8D4 /* LicenseView.swift in Sources */ = {isa = PBXBuildFile; fileRef = 493523FFA08558501F27BD4C /* LicenseView.swift */; };
		EA93EEA91207E78E0E107926 /* LexActivator in Frameworks */ = {isa = PBXBuildFile; productRef = A5073060D1AC5149506FF767 /* LexActivator */; };
/* End PBXBuildFile section */

/* Begin PBXFileReference section */
		9E753D93BF814E5D74642417 /* App.swift */ = {isa = PBXFileReference; lastKnownFileType = sourcecode.swift; path = App.swift; sourceTree = "<group>"; };
		CCF88DA204DFE2AF8D0443D5 /* Configuration.swift */ = {isa = PBXFileReference; lastKnownFileType = sourcecode.swift; name = Configuration.swift; path = "../LicenseActivationApp/Sources/LicenseActivationKit/Configuration.swift"; sourceTree = "<group>"; };
		8407AEDC65BC0C63EEF4CAD8 /* LicenseModel.swift */ = {isa = PBXFileReference; lastKnownFileType = sourcecode.swift; name = LicenseModel.swift; path = "../LicenseActivationApp/Sources/LicenseActivationKit/LicenseModel.swift"; sourceTree = "<group>"; };
		493523FFA08558501F27BD4C /* LicenseView.swift */ = {isa = PBXFileReference; lastKnownFileType = sourcecode.swift; name = LicenseView.swift; path = "../LicenseActivationApp/Sources/LicenseActivationKit/LicenseView.swift"; sourceTree = "<group>"; };
		71CCD365E3A654DA84DBA191 /* LexActivatorSample.app */ = {isa = PBXFileReference; explicitFileType = wrapper.application; includeInIndex = 0; path = LexActivatorSample.app; sourceTree = BUILT_PRODUCTS_DIR; };
/* End PBXFileReference section */

/* Begin PBXFrameworksBuildPhase section */
		6BC9136C2E1B992EF374A2EA = {
			isa = PBXFrameworksBuildPhase;
			buildActionMask = 2147483647;
			files = (
				EA93EEA91207E78E0E107926 /* LexActivator in Frameworks */,
			);
			runOnlyForDeploymentPostprocessing = 0;
		};
/* End PBXFrameworksBuildPhase section */

/* Begin PBXGroup section */
		8D3FC6DB5D0827F168A73277 = {
			isa = PBXGroup;
			children = (
				CE882751F8B3EE4485706ED4 /* LexActivatorSample */,
				FEFFE4CDCA9B36E728237196 /* Shared sample UI */,
				1BADDC1D73C1A20F347483E1 /* Products */,
			);
			sourceTree = "<group>";
		};
		CE882751F8B3EE4485706ED4 /* LexActivatorSample */ = {
			isa = PBXGroup;
			children = (
				9E753D93BF814E5D74642417 /* App.swift */,
			);
			path = LexActivatorSample;
			sourceTree = "<group>";
		};
		FEFFE4CDCA9B36E728237196 /* Shared sample UI */ = {
			isa = PBXGroup;
			children = (
				CCF88DA204DFE2AF8D0443D5 /* Configuration.swift */,
				8407AEDC65BC0C63EEF4CAD8 /* LicenseModel.swift */,
				493523FFA08558501F27BD4C /* LicenseView.swift */,
			);
			name = "Shared sample UI";
			sourceTree = "<group>";
		};
		1BADDC1D73C1A20F347483E1 /* Products */ = {
			isa = PBXGroup;
			children = (
				71CCD365E3A654DA84DBA191 /* LexActivatorSample.app */,
			);
			name = Products;
			sourceTree = "<group>";
		};
/* End PBXGroup section */

/* Begin PBXNativeTarget section */
		42AEFBAE01D2DFD981F7DA7D /* LexActivatorSample */ = {
			isa = PBXNativeTarget;
			buildConfigurationList = 3F4B69E1C2D7780B6DE87DC8 /* Build configuration list for PBXNativeTarget "LexActivatorSample" */;
			buildPhases = (
				F680599402C0D80E245DE801 /* Sources */,
				6BC9136C2E1B992EF374A2EA /* Frameworks */,
				781C774F390DF12CD292A30B /* Resources */,
			);
			buildRules = (
			);
			dependencies = (
			);
			name = LexActivatorSample;
			packageProductDependencies = (
				A5073060D1AC5149506FF767 /* LexActivator */,
			);
			productName = LexActivatorSample;
			productReference = 71CCD365E3A654DA84DBA191 /* LexActivatorSample.app */;
			productType = "com.apple.product-type.application";
		};
/* End PBXNativeTarget section */

/* Begin PBXProject section */
		46F86FAA6BBF9AC94A7E4595 /* Project object */ = {
			isa = PBXProject;
			attributes = {
				BuildIndependentTargetsInParallel = 1;
				LastSwiftUpdateCheck = 1540;
				LastUpgradeCheck = 1540;
				TargetAttributes = {
					42AEFBAE01D2DFD981F7DA7D = {
						CreatedOnToolsVersion = 15.4;
					};
				};
			};
			buildConfigurationList = 1EA27E9E5E6EF12D4FFF00B1 /* Build configuration list for PBXProject "LexActivatorSample" */;
			compatibilityVersion = "Xcode 14.0";
			developmentRegion = en;
			hasScannedForEncodings = 0;
			knownRegions = (
				en,
				Base,
			);
			mainGroup = 8D3FC6DB5D0827F168A73277;
			packageReferences = (
				BF62D5750C54C30193F7CDCF /* XCLocalSwiftPackageReference "../.." */,
			);
			productRefGroup = 1BADDC1D73C1A20F347483E1 /* Products */;
			projectDirPath = "";
			projectRoot = "";
			targets = (
				42AEFBAE01D2DFD981F7DA7D /* LexActivatorSample */,
			);
		};
/* End PBXProject section */

/* Begin PBXResourcesBuildPhase section */
		781C774F390DF12CD292A30B /* Resources */ = {
			isa = PBXResourcesBuildPhase;
			buildActionMask = 2147483647;
			files = (
			);
			runOnlyForDeploymentPostprocessing = 0;
		};
/* End PBXResourcesBuildPhase section */

/* Begin PBXSourcesBuildPhase section */
		F680599402C0D80E245DE801 /* Sources */ = {
			isa = PBXSourcesBuildPhase;
			buildActionMask = 2147483647;
			files = (
				C88A508D365DE2E78A65B852 /* App.swift in Sources */,
				9B5B23DA8A7E6B34D2A8441D /* Configuration.swift in Sources */,
				8EDE84F53DFE8B5430BE20E3 /* LicenseModel.swift in Sources */,
				6474D7918BF9EAD42D1FE8D4 /* LicenseView.swift in Sources */,
			);
			runOnlyForDeploymentPostprocessing = 0;
		};
/* End PBXSourcesBuildPhase section */

/* Begin XCBuildConfiguration section */
		F1EA2DAE22E748F9AEA0FB11 /* Debug */ = {
			isa = XCBuildConfiguration;
			buildSettings = {
				ALWAYS_SEARCH_USER_PATHS = NO;
				CLANG_ENABLE_MODULES = YES;
				CLANG_ENABLE_OBJC_ARC = YES;
				COPY_PHASE_STRIP = NO;
				DEBUG_INFORMATION_FORMAT = dwarf;
				ENABLE_STRICT_OBJC_MSGSEND = YES;
				ENABLE_TESTABILITY = YES;
				GCC_OPTIMIZATION_LEVEL = 0;
				GCC_PREPROCESSOR_DEFINITIONS = (
					"DEBUG=1",
					"$(inherited)",
				);
				IPHONEOS_DEPLOYMENT_TARGET = 14.0;
				ONLY_ACTIVE_ARCH = YES;
				SDKROOT = iphoneos;
				SWIFT_ACTIVE_COMPILATION_CONDITIONS = DEBUG;
				SWIFT_OPTIMIZATION_LEVEL = "-Onone";
			};
			name = Debug;
		};
		019D489715EA2049FB007B46 /* Release */ = {
			isa = XCBuildConfiguration;
			buildSettings = {
				ALWAYS_SEARCH_USER_PATHS = NO;
				CLANG_ENABLE_MODULES = YES;
				CLANG_ENABLE_OBJC_ARC = YES;
				COPY_PHASE_STRIP = NO;
				DEBUG_INFORMATION_FORMAT = "dwarf-with-dsym";
				ENABLE_NS_ASSERTIONS = NO;
				ENABLE_STRICT_OBJC_MSGSEND = YES;
				IPHONEOS_DEPLOYMENT_TARGET = 14.0;
				SDKROOT = iphoneos;
				SWIFT_COMPILATION_MODE = wholemodule;
				VALIDATE_PRODUCT = YES;
			};
			name = Release;
		};
		A7688EC0FBCAEE3AC10FE473 /* Debug */ = {
			isa = XCBuildConfiguration;
			buildSettings = {
				ASSETCATALOG_COMPILER_APPICON_NAME = "";
				CODE_SIGN_STYLE = Automatic;
				CURRENT_PROJECT_VERSION = 1;
				GENERATE_INFOPLIST_FILE = YES;
				INFOPLIST_KEY_UIApplicationSupportsIndirectInputEvents = YES;
				INFOPLIST_KEY_UILaunchScreen_Generation = YES;
				INFOPLIST_KEY_UISupportedInterfaceOrientations = "UIInterfaceOrientationPortrait UIInterfaceOrientationLandscapeLeft UIInterfaceOrientationLandscapeRight";
				LD_RUNPATH_SEARCH_PATHS = (
					"$(inherited)",
					"@executable_path/Frameworks",
				);
				MARKETING_VERSION = 1.0;
				PRODUCT_BUNDLE_IDENTIFIER = com.cryptlex.LexActivatorSample;
				PRODUCT_NAME = "$(TARGET_NAME)";
				SWIFT_EMIT_LOC_STRINGS = YES;
				SWIFT_VERSION = 5.0;
				TARGETED_DEVICE_FAMILY = "1,2";
			};
			name = Debug;
		};
		B97B4C92D6B4C9AEC89C8D89 /* Release */ = {
			isa = XCBuildConfiguration;
			buildSettings = {
				ASSETCATALOG_COMPILER_APPICON_NAME = "";
				CODE_SIGN_STYLE = Automatic;
				CURRENT_PROJECT_VERSION = 1;
				GENERATE_INFOPLIST_FILE = YES;
				INFOPLIST_KEY_UIApplicationSupportsIndirectInputEvents = YES;
				INFOPLIST_KEY_UILaunchScreen_Generation = YES;
				INFOPLIST_KEY_UISupportedInterfaceOrientations = "UIInterfaceOrientationPortrait UIInterfaceOrientationLandscapeLeft UIInterfaceOrientationLandscapeRight";
				LD_RUNPATH_SEARCH_PATHS = (
					"$(inherited)",
					"@executable_path/Frameworks",
				);
				MARKETING_VERSION = 1.0;
				PRODUCT_BUNDLE_IDENTIFIER = com.cryptlex.LexActivatorSample;
				PRODUCT_NAME = "$(TARGET_NAME)";
				SWIFT_EMIT_LOC_STRINGS = YES;
				SWIFT_VERSION = 5.0;
				TARGETED_DEVICE_FAMILY = "1,2";
			};
			name = Release;
		};
/* End XCBuildConfiguration section */

/* Begin XCConfigurationList section */
		1EA27E9E5E6EF12D4FFF00B1 /* Build configuration list for PBXProject "LexActivatorSample" */ = {
			isa = XCConfigurationList;
			buildConfigurations = (
				F1EA2DAE22E748F9AEA0FB11 /* Debug */,
				019D489715EA2049FB007B46 /* Release */,
			);
			defaultConfigurationIsVisible = 0;
			defaultConfigurationName = Release;
		};
		3F4B69E1C2D7780B6DE87DC8 /* Build configuration list for PBXNativeTarget "LexActivatorSample" */ = {
			isa = XCConfigurationList;
			buildConfigurations = (
				A7688EC0FBCAEE3AC10FE473 /* Debug */,
				B97B4C92D6B4C9AEC89C8D89 /* Release */,
			);
			defaultConfigurationIsVisible = 0;
			defaultConfigurationName = Release;
		};
/* End XCConfigurationList section */

/* Begin XCLocalSwiftPackageReference section */
		BF62D5750C54C30193F7CDCF /* XCLocalSwiftPackageReference "../.." */ = {
			isa = XCLocalSwiftPackageReference;
			relativePath = ../..;
		};
/* End XCLocalSwiftPackageReference section */

/* Begin XCSwiftPackageProductDependency section */
		A5073060D1AC5149506FF767 /* LexActivator */ = {
			isa = XCSwiftPackageProductDependency;
			productName = LexActivator;
		};
/* End XCSwiftPackageProductDependency section */
	};
	rootObject = 46F86FAA6BBF9AC94A7E4595 /* Project object */;
}
